
Microsoft Visual Studio Solution File, Format Version 12.00
# Visual Studio Version 17
VisualStudioVersion = 17.9.34728.123
MinimumVisualStudioVersion = 10.0.40219.1
Project("{FAE04EC0-301F-11D3-BF4B-00C04F79EFBC}") = "Distance_de_Levenshtein", "Distance_de_Levenshtein\Distance_de_Levenshtein.csproj", "{90B8C810-6F96-4EE6-A4EB-E5803770E9BA}"
EndProject
Global
	GlobalSection(SolutionConfigurationPlatforms) = preSolution
		Debug|Any CPU = Debug|Any CPU
		Release|Any CPU = Release|Any CPU
	EndGlobalSection
	GlobalSection(ProjectConfigurationPlatforms) = postSolution
		{90B8C810-6F96-4EE6-A4EB-E5803770E9BA}.Debug|Any CPU.ActiveCfg = Debug|Any CPU
		{90B8C810-6F96-4EE6-A4EB-E5803770E9BA}.Debug|Any CPU.Build.0 = Debug|Any CPU
		{90B8C810-6F96-4EE6-A4EB-E5803770E9BA}.Release|Any CPU.ActiveCfg = Release|Any CPU
		{90B8C810-6F96-4EE6-A4EB-E5803770E9BA}.Release|Any CPU.Build.0 = Release|Any CPU
	EndGlobalSection
	GlobalSection(SolutionProperties) = preSolution
		HideSolutionNode = FALSE
	EndGlobalSection
	GlobalSection(ExtensibilityGlobals) = postSolution
		SolutionGuid = {B145D5EB-73F1-47B3-B0EA-597630E94B5F}
	EndGlobalSection
EndGlobal
